<?xml version="1.0" encoding="utf-8"?>
<Project ToolsVersion="4.0" xmlns="http://schemas.microsoft.com/developer/msbuild/2003">
  <ItemGroup>
    <Filter Include="Source Files">
      <UniqueIdentifier>{4FC737F1-C7A5-4376-A066-2A32D752A2FF}</UniqueIdentifier>
      <Extensions>cpp;c;cc;cxx;def;odl;idl;hpj;bat;asm;asmx</Extensions>
    </Filter>
    <Filter Include="Header Files">
      <UniqueIdentifier>{93995380-89BD-4b04-88EB-625FBE52EBFB}</UniqueIdentifier>
      <Extensions>h;hh;hpp;hxx;hm;inl;inc;xsd</Extensions>
    </Filter>
    <Filter Include="Resource Files">
      <UniqueIdentifier>{67DA6AB6-F800-4c08-8B7A-83BB121AAD01}</UniqueIdentifier>
      <Extensions>rc;ico;cur;bmp;dlg;rc2;rct;bin;rgs;gif;jpg;jpeg;jpe;resx;tiff;tif;png;wav;mfcribbon-ms</Extensions>
    </Filter>
    <Filter Include="lib">
      <UniqueIdentifier>{54d0134a-c9e7-40dc-ab1e-7d142c3217fa}</UniqueIdentifier>
    </Filter>
    <Filter Include="lib\tpl">
      <UniqueIdentifier>{957de98a-538d-44c2-89eb-db9dec2cbdce}</UniqueIdentifier>
    </Filter>
    <Filter Include="lib\tpl\win">
      <UniqueIdentifier>{5c8ade26-7add-4461-8b13-d2be10646cfb}</UniqueIdentifier>
    </Filter>
    <Filter Include="lib\serial">
      <UniqueIdentifier>{f0bfd33c-ccec-4ccb-9691-260f52817825}</UniqueIdentifier>
    </Filter>
    <Filter Include="lib\jpeg-compressor">
      <UniqueIdentifier>{9d3a7f83-a0c7-4c77-90d6-59679dbc2d04}</UniqueIdentifier>
    </Filter>
  </ItemGroup>
  <ItemGroup>
    <ClCompile Include="main.cpp">
      <Filter>Source Files</Filter>
    </ClCompile>
    <ClCompile Include="hardware.cpp">
      <Filter>Source Files</Filter>
    </ClCompile>
    <ClCompile Include="motion.cpp">
      <Filter>Source Files</Filter>
    </ClCompile>
    <ClCompile Include="server.cpp">
      <Filter>Source Files</Filter>
    </ClCompile>
    <ClCompile Include="log.cpp">
      <Filter>Source Files</Filter>
    </ClCompile>
    <ClCompile Include="lib\tpl\tpl.c">
      <Filter>lib\tpl</Filter>
    </ClCompile>
    <ClCompile Include="lib\tpl\win\mmap.c">
      <Filter>lib\tpl\win</Filter>
    </ClCompile>
    <ClCompile Include="lib\tpl\win\nonempty.c">
      <Filter>lib\tpl\win</Filter>
    </ClCompile>
    <ClCompile Include="lib\serial\SerialClass.cpp">
      <Filter>lib\serial</Filter>
    </ClCompile>
    <ClCompile Include="lib\jpeg-compressor\jpge.cpp">
      <Filter>lib\jpeg-compressor</Filter>
    </ClCompile>
    <ClCompile Include="photron.cpp">
      <Filter>Source Files</Filter>
    </ClCompile>
    <ClCompile Include="usbcamera.cpp">
      <Filter>Source Files</Filter>
    </ClCompile>
    <ClCompile Include="common.cpp">
      <Filter>Source Files</Filter>
    </ClCompile>
    <ClCompile Include="settings.cpp">
      <Filter>Source Files</Filter>
    </ClCompile>
    <ClCompile Include="stdafx.cpp">
      <Filter>Source Files</Filter>
    </ClCompile>
  </ItemGroup>
  <ItemGroup>
    <ClInclude Include="settings.h">
      <Filter>Header Files</Filter>
    </ClInclude>
    <ClInclude Include="hardware.h">
      <Filter>Header Files</Filter>
    </ClInclude>
    <ClInclude Include="motion.h">
      <Filter>Header Files</Filter>
    </ClInclude>
    <ClInclude Include="server.h">
      <Filter>Header Files</Filter>
    </ClInclude>
    <ClInclude Include="common.h">
      <Filter>Header Files</Filter>
    </ClInclude>
    <ClInclude Include="log.h">
      <Filter>Header Files</Filter>
    </ClInclude>
    <ClInclude Include="lib\tpl\tpl.h">
      <Filter>lib\tpl</Filter>
    </ClInclude>
    <ClInclude Include="lib\tpl\win\mman.h">
      <Filter>lib\tpl\win</Filter>
    </ClInclude>
    <ClInclude Include="lib\serial\SerialClass.h">
      <Filter>lib\serial</Filter>
    </ClInclude>
    <ClInclude Include="lib\jpeg-compressor\jpge.h">
      <Filter>lib\jpeg-compressor</Filter>
    </ClInclude>
    <ClInclude Include="photron.h">
      <Filter>Header Files</Filter>
    </ClInclude>
    <ClInclude Include="usbcamera.h">
      <Filter>Header Files</Filter>
    </ClInclude>
    <ClInclude Include="stdafx.h">
      <Filter>Header Files</Filter>
    </ClInclude>
  </ItemGroup>
  <ItemGroup>
    <None Include="readme.md" />
  </ItemGroup>
</Project>